// !$*UTF8*$!
{
	archiveVersion = 1;
	classes = {
	};
	objectVersion = 48;
	objects = {

/* Begin PBXBuildFile section */
		4310C6FE1FB4D473002AE559 /* MyCustomButton.swift in Sources */ = {isa = PBXBuildFile; fileRef = 4310C6FD1FB4D473002AE559 /* MyCustomButton.swift */; };
		43D47DE11FB2656000A96249 /* AppDelegate.swift in Sources */ = {isa = PBXBuildFile; fileRef = 43D47DE01FB2656000A96249 /* AppDelegate.swift */; };
		43D47DE31FB2656000A96249 /* ViewController.swift in Sources */ = {isa = PBXBuildFile; fileRef = 43D47DE21FB2656000A96249 /* ViewController.swift */; };
		43D47DE61FB2656000A96249 /* Main.storyboard in Resources */ = {isa = PBXBuildFile; fileRef = 43D47DE41FB2656000A96249 /* Main.storyboard */; };
		43D47DE81FB2656000A96249 /* Assets.xcassets in Resources */ = {isa = PBXBuildFile; fileRef = 43D47DE71FB2656000A96249 /* Assets.xcassets */; };
		43D47DEB1FB2656000A96249 /* LaunchScreen.storyboard in Resources */ = {isa = PBXBuildFile; fileRef = 43D47DE91FB2656000A96249 /* LaunchScreen.storyboard */; };
		43D47DF61FB2656000A96249 /* MyCustomButtonTests.swift in Sources */ = {isa = PBXBuildFile; fileRef = 43D47DF51FB2656000A96249 /* MyCustomButtonTests.swift */; };
		43D47E011FB2656000A96249 /* MyCustomButtonUITests.swift in Sources */ = {isa = PBXBuildFile; fileRef = 43D47E001FB2656000A96249 /* MyCustomButtonUITests.swift */; };
/* End PBXBuildFile section */

/* Begin PBXContainerItemProxy section */
		43D47DF21FB2656000A96249 /* PBXContainerItemProxy */ = {
			isa = PBXContainerItemProxy;
			containerPortal = 43D47DD51FB2656000A96249 /* Project object */;
			proxyType = 1;
			remoteGlobalIDString = 43D47DDC1FB2656000A96249;
			remoteInfo = MyCustomButton;
		};
		43D47DFD1FB2656000A96249 /* PBXContainerItemProxy */ = {
			isa = PBXContainerItemProxy;
			containerPortal = 43D47DD51FB2656000A96249 /* Project object */;
			proxyType = 1;
			remoteGlobalIDString = 43D47DDC1FB2656000A96249;
			remoteInfo = MyCustomButton;
		};
/* End PBXContainerItemProxy section */

/* Begin PBXFileReference section */
		4310C6FD1FB4D473002AE559 /* MyCustomButton.swift */ = {isa = PBXFileReference; lastKnownFileType = sourcecode.swift; path = MyCustomButton.swift; sourceTree = "<group>"; };
		43D47DDD1FB2656000A96249 /* MyCustomButton.app */ = {isa = PBXFileReference; explicitFileType = wrapper.application; includeInIndex = 0; path = MyCustomButton.app; sourceTree = BUILT_PRODUCTS_DIR; };
		43D47DE01FB2656000A96249 /* AppDelegate.swift */ = {isa = PBXFileReference; lastKnownFileType = sourcecode.swift; path = AppDelegate.swift; sourceTree = "<group>"; };
		43D47DE21FB2656000A96249 /* ViewController.swift */ = {isa = PBXFileReference; lastKnownFileType = sourcecode.swift; path = ViewController.swift; sourceTree = "<group>"; };
		43D47DE51FB2656000A96249 /* Base */ = {isa = PBXFileReference; lastKnownFileType = file.storyboard; name = Base; path = Base.lproj/Main.storyboard; sourceTree = "<group>"; };
		43D47DE71FB2656000A96249 /* Assets.xcassets */ = {isa = PBXFileReference; lastKnownFileType = folder.assetcatalog; path = Assets.xcassets; sourceTree = "<group>"; };
		43D47DEA1FB2656000A96249 /* Base */ = {isa = PBXFileReference; lastKnownFileType = file.storyboard; name = Base; path = Base.lproj/LaunchScreen.storyboard; sourceTree = "<group>"; };
		43D47DEC1FB2656000A96249 /* Info.plist */ = {isa = PBXFileReference; lastKnownFileType = text.plist.xml; path = Info.plist; sourceTree = "<group>"; };
		43D47DF11FB2656000A96249 /* MyCustomButtonTests.xctest */ = {isa = PBXFileReference; explicitFileType = wrapper.cfbundle; includeInIndex = 0; path = MyCustomButtonTests.xctest; sourceTree = BUILT_PRODUCTS_DIR; };
		43D47DF51FB2656000A96249 /* MyCustomButtonTests.swift */ = {isa = PBXFileReference; lastKnownFileType = sourcecode.swift; path = MyCustomButtonTests.swift; sourceTree = "<group>"; };
		43D47DF71FB2656000A96249 /* Info.plist */ = {isa = PBXFileReference; lastKnownFileType = text.plist.xml; path = Info.plist; sourceTree = "<group>"; };
		43D47DFC1FB2656000A96249 /* MyCustomButtonUITests.xctest */ = {isa = PBXFileReference; explicitFileType = wrapper.cfbundle; includeInIndex = 0; path = MyCustomButtonUITests.xctest; sourceTree = BUILT_PRODUCTS_DIR; };
		43D47E001FB2656000A96249 /* MyCustomButtonUITests.swift */ = {isa = PBXFileReference; lastKnownFileType = sourcecode.swift; path = MyCustomButtonUITests.swift; sourceTree = "<group>"; };
		43D47E021FB2656000A96249 /* Info.plist */ = {isa = PBXFileReference; lastKnownFileType = text.plist.xml; path = Info.plist; sourceTree = "<group>"; };
/* End PBXFileReference section */

/* Begin PBXFrameworksBuildPhase section */
		43D47DDA1FB2656000A96249 /* Frameworks */ = {
			isa = PBXFrameworksBuildPhase;
			buildActionMask = 2147483647;
			files = (
			);
			runOnlyForDeploymentPostprocessing = 0;
		};
		43D47DEE1FB2656000A96249 /* Frameworks */ = {
			isa = PBXFrameworksBuildPhase;
			buildActionMask = 2147483647;
			files = (
			);
			runOnlyForDeploymentPostprocessing = 0;
		};
		43D47DF91FB2656000A96249 /* Frameworks */ = {
			isa = PBXFrameworksBuildPhase;
			buildActionMask = 2147483647;
			files = (
			);
			runOnlyForDeploymentPostprocessing = 0;
		};
/* End PBXFrameworksBuildPhase section */

/* Begin PBXGroup section */
		43D47DD41FB2656000A96249 = {
			isa = PBXGroup;
			children = (
				43D47DDF1FB2656000A96249 /* MyCustomButton */,
				43D47DF41FB2656000A96249 /* MyCustomButtonTests */,
				43D47DFF1FB2656000A96249 /* MyCustomButtonUITests */,
				43D47DDE1FB2656000A96249 /* Products */,
			);
			sourceTree = "<group>";
		};
		43D47DDE1FB2656000A96249 /* Products */ = {
			isa = PBXGroup;
			children = (
				43D47DDD1FB2656000A96249 /* MyCustomButton.app */,
				43D47DF11FB2656000A96249 /* MyCustomButtonTests.xctest */,
				43D47DFC1FB2656000A96249 /* MyCustomButtonUITests.xctest */,
			);
			name = Products;
			sourceTree = "<group>";
		};
		43D47DDF1FB2656000A96249 /* MyCustomButton */ = {
			isa = PBXGroup;
			children = (
				43D47DE01FB2656000A96249 /* AppDelegate.swift */,
				4310C6FD1FB4D473002AE559 /* MyCustomButton.swift */,
				43D47DE21FB2656000A96249 /* ViewController.swift */,
				43D47DE41FB2656000A96249 /* Main.storyboard */,
				43D47DE71FB2656000A96249 /* Assets.xcassets */,
				43D47DE91FB2656000A96249 /* LaunchScreen.storyboard */,
				43D47DEC1FB2656000A96249 /* Info.plist */,
			);
			path = MyCustomButton;
			sourceTree = "<group>";
		};
		43D47DF41FB2656000A96249 /* MyCustomButtonTests */ = {
			isa = PBXGroup;
			children = (
				43D47DF51FB2656000A96249 /* MyCustomButtonTests.swift */,
				43D47DF71FB2656000A96249 /* Info.plist */,
			);
			path = MyCustomButtonTests;
			sourceTree = "<group>";
		};
		43D47DFF1FB2656000A96249 /* MyCustomButtonUITests */ = {
			isa = PBXGroup;
			children = (
				43D47E001FB2656000A96249 /* MyCustomButtonUITests.swift */,
				43D47E021FB2656000A96249 /* Info.plist */,
			);
			path = MyCustomButtonUITests;
			sourceTree = "<group>";
		};
/* End PBXGroup section */

/* Begin PBXNativeTarget section */
		43D47DDC1FB2656000A96249 /* MyCustomButton */ = {
			isa = PBXNativeTarget;
			buildConfigurationList = 43D47E051FB2656000A96249 /* Build configuration list for PBXNativeTarget "MyCustomButton" */;
			buildPhases = (
				43D47DD91FB2656000A96249 /* Sources */,
				43D47DDA1FB2656000A96249 /* Frameworks */,
				43D47DDB1FB2656000A96249 /* Resources */,
			);
			buildRules = (
			);
			dependencies = (
			);
			name = MyCustomButton;
			productName = MyCustomButton;
			productReference = 43D47DDD1FB2656000A96249 /* MyCustomButton.app */;
			productType = "com.apple.product-type.application";
		};
		43D47DF01FB2656000A96249 /* MyCustomButtonTests */ = {
			isa = PBXNativeTarget;
			buildConfigurationList = 43D47E081FB2656000A96249 /* Build configuration list for PBXNativeTarget "MyCustomButtonTests" */;
			buildPhases = (
				43D47DED1FB2656000A96249 /* Sources */,
				43D47DEE1FB2656000A96249 /* Frameworks */,
				43D47DEF1FB2656000A96249 /* Resources */,
			);
			buildRules = (
			);
			dependencies = (
				43D47DF31FB2656000A96249 /* PBXTargetDependency */,
			);
			name = MyCustomButtonTests;
			productName = MyCustomButtonTests;
			productReference = 43D47DF11FB2656000A96249 /* MyCustomButtonTests.xctest */;
			productType = "com.apple.product-type.bundle.unit-test";
		};
		43D47DFB1FB2656000A96249 /* MyCustomButtonUITests */ = {
			isa = PBXNativeTarget;
			buildConfigurationList = 43D47E0B1FB2656000A96249 /* Build configuration list for PBXNativeTarget "MyCustomButtonUITests" */;
			buildPhases = (
				43D47DF81FB2656000A96249 /* Sources */,
				43D47DF91FB2656000A96249 /* Frameworks */,
				43D47DFA1FB2656000A96249 /* Resources */,
			);
			buildRules = (
			);
			dependencies = (
				43D47DFE1FB2656000A96249 /* PBXTargetDependency */,
			);
			name = MyCustomButtonUITests;
			productName = MyCustomButtonUITests;
			productReference = 43D47DFC1FB2656000A96249 /* MyCustomButtonUITests.xctest */;
			productType = "com.apple.product-type.bundle.ui-testing";
		};
/* End PBXNativeTarget section */

/* Begin PBXProject section */
		43D47DD51FB2656000A96249 /* Project object */ = {
			isa = PBXProject;
			attributes = {
				LastSwiftUpdateCheck = 0900;
				LastUpgradeCheck = 0900;
				ORGANIZATIONNAME = "Benjamin Pisano";
				TargetAttributes = {
					43D47DDC1FB2656000A96249 = {
						CreatedOnToolsVersion = 9.0.1;
						ProvisioningStyle = Automatic;
					};
					43D47DF01FB2656000A96249 = {
						CreatedOnToolsVersion = 9.0.1;
						ProvisioningStyle = Automatic;
						TestTargetID = 43D47DDC1FB2656000A96249;
					};
					43D47DFB1FB2656000A96249 = {
						CreatedOnToolsVersion = 9.0.1;
						ProvisioningStyle = Automatic;
						TestTargetID = 43D47DDC1FB2656000A96249;
					};
				};
			};
			buildConfigurationList = 43D47DD81FB2656000A96249 /* Build configuration list for PBXProject "MyCustomButton" */;
			compatibilityVersion = "Xcode 8.0";
			developmentRegion = en;
			hasScannedForEncodings = 0;
			knownRegions = (
				en,
				Base,
			);
			mainGroup = 43D47DD41FB2656000A96249;
			productRefGroup = 43D47DDE1FB2656000A96249 /* Products */;
			projectDirPath = "";
			projectRoot = "";
			targets = (
				43D47DDC1FB2656000A96249 /* MyCustomButton */,
				43D47DF01FB2656000A96249 /* MyCustomButtonTests */,
				43D47DFB1FB2656000A96249 /* MyCustomButtonUITests */,
			);
		};
/* End PBXProject section */

/* Begin PBXResourcesBuildPhase section */
		43D47DDB1FB2656000A96249 /* Resources */ = {
			isa = PBXResourcesBuildPhase;
			buildActionMask = 2147483647;
			files = (
				43D47DEB1FB2656000A96249 /* LaunchScreen.storyboard in Resources */,
				43D47DE81FB2656000A96249 /* Assets.xcassets in Resources */,
				43D47DE61FB2656000A96249 /* Main.storyboard in Resources */,
			);
			runOnlyForDeploymentPostprocessing = 0;
		};
		43D47DEF1FB2656000A96249 /* Resources */ = {
			isa = PBXResourcesBuildPhase;
			buildActionMask = 2147483647;
			files = (
			);
			runOnlyForDeploymentPostprocessing = 0;
		};
		43D47DFA1FB2656000A96249 /* Resources */ = {
			isa = PBXResourcesBuildPhase;
			buildActionMask = 2147483647;
			files = (
			);
			runOnlyForDeploymentPostprocessing = 0;
		};
/* End PBXResourcesBuildPhase section */

/* Begin PBXSourcesBuildPhase section */
		43D47DD91FB2656000A96249 /* Sources */ = {
			isa = PBXSourcesBuildPhase;
			buildActionMask = 2147483647;
			files = (
				4310C6FE1FB4D473002AE559 /* MyCustomButton.swift in Sources */,
				43D47DE31FB2656000A96249 /* ViewController.swift in Sources */,
				43D47DE11FB2656000A96249 /* AppDelegate.swift in Sources */,
			);
			runOnlyForDeploymentPostprocessing = 0;
		};
		43D47DED1FB2656000A96249 /* Sources */ = {
			isa = PBXSourcesBuildPhase;
			buildActionMask = 2147483647;
			files = (
				43D47DF61FB2656000A96249 /* MyCustomButtonTests.swift in Sources */,
			);
			runOnlyForDeploymentPostprocessing = 0;
		};
		43D47DF81FB2656000A96249 /* Sources */ = {
			isa = PBXSourcesBuildPhase;
			buildActionMask = 2147483647;
			files = (
				43D47E011FB2656000A96249 /* MyCustomButtonUITests.swift in Sources */,
			);
			runOnlyForDeploymentPostprocessing = 0;
		};
/* End PBXSourcesBuildPhase section */

/* Begin PBXTargetDependency section */
		43D47DF31FB2656000A96249 /* PBXTargetDependency */ = {
			isa = PBXTargetDependency;
			target = 43D47DDC1FB2656000A96249 /* MyCustomButton */;
			targetProxy = 43D47DF21FB2656000A96249 /* PBXContainerItemProxy */;
		};
		43D47DFE1FB2656000A96249 /* PBXTargetDependency */ = {
			isa = PBXTargetDependency;
			target = 43D47DDC1FB2656000A96249 /* MyCustomButton */;
			targetProxy = 43D47DFD1FB2656000A96249 /* PBXContainerItemProxy */;
		};
/* End PBXTargetDependency section */

/* Begin PBXVariantGroup section */
		43D47DE41FB2656000A96249 /* Main.storyboard */ = {
			isa = PBXVariantGroup;
			children = (
				43D47DE51FB2656000A96249 /* Base */,
			);
			name = Main.storyboard;
			sourceTree = "<group>";
		};
		43D47DE91FB2656000A96249 /* LaunchScreen.storyboard */ = {
			isa = PBXVariantGroup;
			children = (
				43D47DEA1FB2656000A96249 /* Base */,
			);
			name = LaunchScreen.storyboard;
			sourceTree = "<group>";
		};
/* End PBXVariantGroup section */

/* Begin XCBuildConfiguration section */
		43D47E031FB2656000A96249 /* Debug */ = {
			isa = XCBuildConfiguration;
			buildSettings = {
				ALWAYS_SEARCH_USER_PATHS = NO;
				CLANG_ANALYZER_NONNULL = YES;
				CLANG_ANALYZER_NUMBER_OBJECT_CONVERSION = YES_AGGRESSIVE;
				CLANG_CXX_LANGUAGE_STANDARD = "gnu++14";
				CLANG_CXX_LIBRARY = "libc++";
				CLANG_ENABLE_MODULES = YES;
				CLANG_ENABLE_OBJC_ARC = YES;
				CLANG_WARN_BLOCK_CAPTURE_AUTORELEASING = YES;
				CLANG_WARN_BOOL_CONVERSION = YES;
				CLANG_WARN_COMMA = YES;
				CLANG_WARN_CONSTANT_CONVERSION = YES;
				CLANG_WARN_DIRECT_OBJC_ISA_USAGE = YES_ERROR;
				CLANG_WARN_DOCUMENTATION_COMMENTS = YES;
				CLANG_WARN_EMPTY_BODY = YES;
				CLANG_WARN_ENUM_CONVERSION = YES;
				CLANG_WARN_INFINITE_RECURSION = YES;
				CLANG_WARN_INT_CONVERSION = YES;
				CLANG_WARN_NON_LITERAL_NULL_CONVERSION = YES;
				CLANG_WARN_OBJC_LITERAL_CONVERSION = YES;
				CLANG_WARN_OBJC_ROOT_CLASS = YES_ERROR;
				CLANG_WARN_RANGE_LOOP_ANALYSIS = YES;
				CLANG_WARN_STRICT_PROTOTYPES = YES;
				CLANG_WARN_SUSPICIOUS_MOVE = YES;
				CLANG_WARN_UNGUARDED_AVAILABILITY = YES_AGGRESSIVE;
				CLANG_WARN_UNREACHABLE_CODE = YES;
				CLANG_WARN__DUPLICATE_METHOD_MATCH = YES;
				CODE_SIGN_IDENTITY = "iPhone Developer";
				COPY_PHASE_STRIP = NO;
				DEBUG_INFORMATION_FORMAT = dwarf;
				ENABLE_STRICT_OBJC_MSGSEND = YES;
				ENABLE_TESTABILITY = YES;
				GCC_C_LANGUAGE_STANDARD = gnu11;
				GCC_DYNAMIC_NO_PIC = NO;
				GCC_NO_COMMON_BLOCKS = YES;
				GCC_OPTIMIZATION_LEVEL = 0;
				GCC_PREPROCESSOR_DEFINITIONS = (
					"DEBUG=1",
					"$(inherited)",
				);
				GCC_WARN_64_TO_32_BIT_CONVERSION = YES;
				GCC_WARN_ABOUT_RETURN_TYPE = YES_ERROR;
				GCC_WARN_UNDECLARED_SELECTOR = YES;
				GCC_WARN_UNINITIALIZED_AUTOS = YES_AGGRESSIVE;
				GCC_WARN_UNUSED_FUNCTION = YES;
				GCC_WARN_UNUSED_VARIABLE = YES;
				IPHONEOS_DEPLOYMENT_TARGET = 11.0;
				MTL_ENABLE_DEBUG_INFO = YES;
				ONLY_ACTIVE_ARCH = YES;
				SDKROOT = iphoneos;
				SWIFT_ACTIVE_COMPILATION_CONDITIONS = DEBUG;
				SWIFT_OPTIMIZATION_LEVEL = "-Onone";
			};
			name = Debug;
		};
		43D47E041FB2656000A96249 /* Release */ = {
			isa = XCBuildConfiguration;
			buildSettings = {
				ALWAYS_SEARCH_USER_PATHS = NO;
				CLANG_ANALYZER_NONNULL = YES;
				CLANG_ANALYZER_NUMBER_OBJECT_CONVERSION = YES_AGGRESSIVE;
				CLANG_CXX_LANGUAGE_STANDARD = "gnu++14";
				CLANG_CXX_LIBRARY = "libc++";
				CLANG_ENABLE_MODULES = YES;
				CLANG_ENABLE_OBJC_ARC = YES;
				CLANG_WARN_BLOCK_CAPTURE_AUTORELEASING = YES;
				CLANG_WARN_BOOL_CONVERSION = YES;
				CLANG_WARN_COMMA = YES;
				CLANG_WARN_CONSTANT_CONVERSION = YES;
				CLANG_WARN_DIRECT_OBJC_ISA_USAGE = YES_ERROR;
				CLANG_WARN_DOCUMENTATION_COMMENTS = YES;
				CLANG_WARN_EMPTY_BODY = YES;
				CLANG_WARN_ENUM_CONVERSION = YES;
				CLANG_WARN_INFINITE_RECURSION = YES;
				CLANG_WARN_INT_CONVERSION = YES;
				CLANG_WARN_NON_LITERAL_NULL_CONVERSION = YES;
				CLANG_WARN_OBJC_LITERAL_CONVERSION = YES;
				CLANG_WARN_OBJC_ROOT_CLASS = YES_ERROR;
				CLANG_WARN_RANGE_LOOP_ANALYSIS = YES;
				CLANG_WARN_STRICT_PROTOTYPES = YES;
				CLANG_WARN_SUSPICIOUS_MOVE = YES;
				CLANG_WARN_UNGUARDED_AVAILABILITY = YES_AGGRESSIVE;
				CLANG_WARN_UNREACHABLE_CODE = YES;
				CLANG_WARN__DUPLICATE_METHOD_MATCH = YES;
				CODE_SIGN_IDENTITY = "iPhone Developer";
				COPY_PHASE_STRIP = NO;
				DEBUG_INFORMATION_FORMAT = "dwarf-with-dsym";
				ENABLE_NS_ASSERTIONS = NO;
				ENABLE_STRICT_OBJC_MSGSEND = YES;
				GCC_C_LANGUAGE_STANDARD = gnu11;
				GCC_NO_COMMON_BLOCKS = YES;
				GCC_WARN_64_TO_32_BIT_CONVERSION = YES;
				GCC_WARN_ABOUT_RETURN_TYPE = YES_ERROR;
				GCC_WARN_UNDECLARED_SELECTOR = YES;
				GCC_WARN_UNINITIALIZED_AUTOS = YES_AGGRESSIVE;
				GCC_WARN_UNUSED_FUNCTION = YES;
				GCC_WARN_UNUSED_VARIABLE = YES;
				IPHONEOS_DEPLOYMENT_TARGET = 11.0;
				MTL_ENABLE_DEBUG_INFO = NO;
				SDKROOT = iphoneos;
				SWIFT_OPTIMIZATION_LEVEL = "-Owholemodule";
				VALIDATE_PRODUCT = YES;
			};
			name = Release;
		};
		43D47E061FB2656000A96249 /* Debug */ = {
			isa = XCBuildConfiguration;
			buildSettings = {
				ASSETCATALOG_COMPILER_APPICON_NAME = AppIcon;
				CODE_SIGN_STYLE = Automatic;
				DEVELOPMENT_TEAM = KZ254M88K2;
				INFOPLIST_FILE = MyCustomButton/Info.plist;
				LD_RUNPATH_SEARCH_PATHS = "$(inherited) @executable_path/Frameworks";
				PRODUCT_BUNDLE_IDENTIFIER = Snopia.MyCustomButton;
				PRODUCT_NAME = "$(TARGET_NAME)";
				SWIFT_VERSION = 4.0;
				TARGETED_DEVICE_FAMILY = "1,2";
			};
			name = Debug;
		};
		43D47E071FB2656000A96249 /* Release */ = {
			isa = XCBuildConfiguration;
			buildSettings = {
				ASSETCATALOG_COMPILER_APPICON_NAME = AppIcon;
				CODE_SIGN_STYLE = Automatic;
				DEVELOPMENT_TEAM = KZ254M88K2;
				INFOPLIST_FILE = MyCustomButton/Info.plist;
				LD_RUNPATH_SEARCH_PATHS = "$(inherited) @executable_path/Frameworks";
				PRODUCT_BUNDLE_IDENTIFIER = Snopia.MyCustomButton;
				PRODUCT_NAME = "$(TARGET_NAME)";
				SWIFT_VERSION = 4.0;
				TARGETED_DEVICE_FAMILY = "1,2";
			};
			name = Release;
		};
		43D47E091FB2656000A96249 /* Debug */ = {
			isa = XCBuildConfiguration;
			buildSettings = {
				ALWAYS_EMBED_SWIFT_STANDARD_LIBRARIES = YES;
				BUNDLE_LOADER = "$(TEST_HOST)";
				CODE_SIGN_STYLE = Automatic;
				DEVELOPMENT_TEAM = KZ254M88K2;
				INFOPLIST_FILE = MyCustomButtonTests/Info.plist;
				LD_RUNPATH_SEARCH_PATHS = "$(inherited) @executable_path/Frameworks @loader_path/Frameworks";
				PRODUCT_BUNDLE_IDENTIFIER = Snopia.MyCustomButtonTests;
				PRODUCT_NAME = "$(TARGET_NAME)";
				SWIFT_VERSION = 4.0;
				TARGETED_DEVICE_FAMILY = "1,2";
				TEST_HOST = "$(BUILT_PRODUCTS_DIR)/MyCustomButton.app/MyCustomButton";
			};
			name = Debug;
		};
		43D47E0A1FB2656000A96249 /* Release */ = {
			isa = XCBuildConfiguration;
			buildSettings = {
				ALWAYS_EMBED_SWIFT_STANDARD_LIBRARIES = YES;
				BUNDLE_LOADER = "$(TEST_HOST)";
				CODE_SIGN_STYLE = Automatic;
				DEVELOPMENT_TEAM = KZ254M88K2;
				INFOPLIST_FILE = MyCustomButtonTests/Info.plist;
				LD_RUNPATH_SEARCH_PATHS = "$(inherited) @executable_path/Frameworks @loader_path/Frameworks";
				PRODUCT_BUNDLE_IDENTIFIER = Snopia.MyCustomButtonTests;
				PRODUCT_NAME = "$(TARGET_NAME)";
				SWIFT_VERSION = 4.0;
				TARGETED_DEVICE_FAMILY = "1,2";
				TEST_HOST = "$(BUILT_PRODUCTS_DIR)/MyCustomButton.app/MyCustomButton";
			};
			name = Release;
		};
		43D47E0C1FB2656000A96249 /* Debug */ = {
			isa = XCBuildConfiguration;
			buildSettings = {
				ALWAYS_EMBED_SWIFT_STANDARD_LIBRARIES = YES;
				CODE_SIGN_STYLE = Automatic;
				DEVELOPMENT_TEAM = KZ254M88K2;
				INFOPLIST_FILE = MyCustomButtonUITests/Info.plist;
				LD_RUNPATH_SEARCH_PATHS = "$(inherited) @executable_path/Frameworks @loader_path/Frameworks";
				PRODUCT_BUNDLE_IDENTIFIER = Snopia.MyCustomButtonUITests;
				PRODUCT_NAME = "$(TARGET_NAME)";
				SWIFT_VERSION = 4.0;
				TARGETED_DEVICE_FAMILY = "1,2";
				TEST_TARGET_NAME = MyCustomButton;
			};
			name = Debug;
		};
		43D47E0D1FB2656000A96249 /* Release */ = {
			isa = XCBuildConfiguration;
			buildSettings = {
				ALWAYS_EMBED_SWIFT_STANDARD_LIBRARIES = YES;
				CODE_SIGN_STYLE = Automatic;
				DEVELOPMENT_TEAM = KZ254M88K2;
				INFOPLIST_FILE = MyCustomButtonUITests/Info.plist;
				LD_RUNPATH_SEARCH_PATHS = "$(inherited) @executable_path/Frameworks @loader_path/Frameworks";
				PRODUCT_BUNDLE_IDENTIFIER = Snopia.MyCustomButtonUITests;
				PRODUCT_NAME = "$(TARGET_NAME)";
				SWIFT_VERSION = 4.0;
				TARGETED_DEVICE_FAMILY = "1,2";
				TEST_TARGET_NAME = MyCustomButton;
			};
			name = Release;
		};
/* End XCBuildConfiguration section */

/* Begin XCConfigurationList section */
		43D47DD81FB2656000A96249 /* Build configuration list for PBXProject "MyCustomButton" */ = {
			isa = XCConfigurationList;
			buildConfigurations = (
				43D47E031FB2656000A96249 /* Debug */,
				43D47E041FB2656000A96249 /* Release */,
			);
			defaultConfigurationIsVisible = 0;
			defaultConfigurationName = Release;
		};
		43D47E051FB2656000A96249 /* Build configuration list for PBXNativeTarget "MyCustomButton" */ = {
			isa = XCConfigurationList;
			buildConfigurations = (
				43D47E061FB2656000A96249 /* Debug */,
				43D47E071FB2656000A96249 /* Release */,
			);
			defaultConfigurationIsVisible = 0;
			defaultConfigurationName = Release;
		};
		43D47E081FB2656000A96249 /* Build configuration list for PBXNativeTarget "MyCustomButtonTests" */ = {
			isa = XCConfigurationList;
			buildConfigurations = (
				43D47E091FB2656000A96249 /* Debug */,
				43D47E0A1FB2656000A96249 /* Release */,
			);
			defaultConfigurationIsVisible = 0;
			defaultConfigurationName = Release;
		};
		43D47E0B1FB2656000A96249 /* Build configuration list for PBXNativeTarget "MyCustomButtonUITests" */ = {
			isa = XCConfigurationList;
			buildConfigurations = (
				43D47E0C1FB2656000A96249 /* Debug */,
				43D47E0D1FB2656000A96249 /* Release */,
			);
			defaultConfigurationIsVisible = 0;
			defaultConfigurationName = Release;
		};
/* End XCConfigurationList section */
	};
	rootObject = 43D47DD51FB2656000A96249 /* Project object */;
}
